
Microsoft Visual Studio Solution File, Format Version 12.00
# Visual Studio Version 17
VisualStudioVersion = 17.13.35818.85
MinimumVisualStudioVersion = 10.0.40219.1
Project("{FAE04EC0-301F-11D3-BF4B-00C04F79EFBC}") = "TaskOrganizer.Desktop", "TaskOrganizer.Desktop\TaskOrganizer.Desktop.csproj", "{F02535B1-A100-45F8-9C8A-FAC42691E56E}"
EndProject
Project("{FAE04EC0-301F-11D3-BF4B-00C04F79EFBC}") = "TaskOrganizer.API", "TaskOrganizer.API\TaskOrganizer.API.csproj", "{40D931D1-FA40-4B98-9A9E-077580ACC106}"
EndProject
Global
	GlobalSection(SolutionConfigurationPlatforms) = preSolution
		Debug|Any CPU = Debug|Any CPU
		Release|Any CPU = Release|Any CPU
	EndGlobalSection
	GlobalSection(ProjectConfigurationPlatforms) = postSolution
		{F02535B1-A100-45F8-9C8A-FAC42691E56E}.Debug|Any CPU.ActiveCfg = Debug|Any CPU
		{F02535B1-A100-45F8-9C8A-FAC42691E56E}.Debug|Any CPU.Build.0 = Debug|Any CPU
		{F02535B1-A100-45F8-9C8A-FAC42691E56E}.Release|Any CPU.ActiveCfg = Release|Any CPU
		{F02535B1-A100-45F8-9C8A-FAC42691E56E}.Release|Any CPU.Build.0 = Release|Any CPU
		{40D931D1-FA40-4B98-9A9E-077580ACC106}.Debug|Any CPU.ActiveCfg = Debug|Any CPU
		{40D931D1-FA40-4B98-9A9E-077580ACC106}.Debug|Any CPU.Build.0 = Debug|Any CPU
		{40D931D1-FA40-4B98-9A9E-077580ACC106}.Release|Any CPU.ActiveCfg = Release|Any CPU
		{40D931D1-FA40-4B98-9A9E-077580ACC106}.Release|Any CPU.Build.0 = Release|Any CPU
	EndGlobalSection
	GlobalSection(SolutionProperties) = preSolution
		HideSolutionNode = FALSE
	EndGlobalSection
	GlobalSection(ExtensibilityGlobals) = postSolution
		SolutionGuid = {FC026D8F-0884-4A03-8E27-63B05199FFB1}
	EndGlobalSection
EndGlobal
